
Microsoft Visual Studio Solution File, Format Version 12.00
# Visual Studio 2013
VisualStudioVersion = 12.0.30324.0
MinimumVisualStudioVersion = 10.0.40219.1
Project("{FAE04EC0-301F-11D3-BF4B-00C04F79EFBC}") = "SillyAppLayout", "SillyAppLayout\SillyAppLayout.csproj", "{E0BF024F-DDC4-4F28-8D4D-8558CB553FC2}"
EndProject
Global
	GlobalSection(SolutionConfigurationPlatforms) = preSolution
		Debug|Any CPU = Debug|Any CPU
		Debug|ARM = Debug|ARM
		Debug|x86 = Debug|x86
		Release|Any CPU = Release|Any CPU
		Release|ARM = Release|ARM
		Release|x86 = Release|x86
	EndGlobalSection
	GlobalSection(ProjectConfigurationPlatforms) = postSolution
		{E0BF024F-DDC4-4F28-8D4D-8558CB553FC2}.Debug|Any CPU.ActiveCfg = Debug|Any CPU
		{E0BF024F-DDC4-4F28-8D4D-8558CB553FC2}.Debug|Any CPU.Build.0 = Debug|Any CPU
		{E0BF024F-DDC4-4F28-8D4D-8558CB553FC2}.Debug|ARM.ActiveCfg = Debug|ARM
		{E0BF024F-DDC4-4F28-8D4D-8558CB553FC2}.Debug|ARM.Build.0 = Debug|ARM
		{E0BF024F-DDC4-4F28-8D4D-8558CB553FC2}.Debug|x86.ActiveCfg = Debug|x86
		{E0BF024F-DDC4-4F28-8D4D-8558CB553FC2}.Debug|x86.Build.0 = Debug|x86
		{E0BF024F-DDC4-4F28-8D4D-8558CB553FC2}.Release|Any CPU.ActiveCfg = Release|Any CPU
		{E0BF024F-DDC4-4F28-8D4D-8558CB553FC2}.Release|Any CPU.Build.0 = Release|Any CPU
		{E0BF024F-DDC4-4F28-8D4D-8558CB553FC2}.Release|ARM.ActiveCfg = Release|ARM
		{E0BF024F-DDC4-4F28-8D4D-8558CB553FC2}.Release|ARM.Build.0 = Release|ARM
		{E0BF024F-DDC4-4F28-8D4D-8558CB553FC2}.Release|x86.ActiveCfg = Release|x86
		{E0BF024F-DDC4-4F28-8D4D-8558CB553FC2}.Release|x86.Build.0 = Release|x86
	EndGlobalSection
	GlobalSection(SolutionProperties) = preSolution
		HideSolutionNode = FALSE
	EndGlobalSection
EndGlobal
