
Microsoft Visual Studio Solution File, Format Version 12.00
# Visual Studio 2013
VisualStudioVersion = 12.0.30324.0
MinimumVisualStudioVersion = 10.0.40219.1
Project("{FAE04EC0-301F-11D3-BF4B-00C04F79EFBC}") = "SillyAppBase", "SillyAppBase\SillyAppBase.csproj", "{26425922-771F-462E-B786-176D9EF23D01}"
EndProject
Project("{FAE04EC0-301F-11D3-BF4B-00C04F79EFBC}") = "FriendQuizz", "FriendQuizz\FriendQuizz.csproj", "{420272DB-FF0F-4E4E-98E6-AE45EBB1F002}"
EndProject
Global
	GlobalSection(SolutionConfigurationPlatforms) = preSolution
		Debug|Any CPU = Debug|Any CPU
		Debug|ARM = Debug|ARM
		Debug|x86 = Debug|x86
		Release|Any CPU = Release|Any CPU
		Release|ARM = Release|ARM
		Release|x86 = Release|x86
	EndGlobalSection
	GlobalSection(ProjectConfigurationPlatforms) = postSolution
		{26425922-771F-462E-B786-176D9EF23D01}.Debug|Any CPU.ActiveCfg = Debug|Any CPU
		{26425922-771F-462E-B786-176D9EF23D01}.Debug|Any CPU.Build.0 = Debug|Any CPU
		{26425922-771F-462E-B786-176D9EF23D01}.Debug|ARM.ActiveCfg = Debug|ARM
		{26425922-771F-462E-B786-176D9EF23D01}.Debug|ARM.Build.0 = Debug|ARM
		{26425922-771F-462E-B786-176D9EF23D01}.Debug|x86.ActiveCfg = Debug|x86
		{26425922-771F-462E-B786-176D9EF23D01}.Debug|x86.Build.0 = Debug|x86
		{26425922-771F-462E-B786-176D9EF23D01}.Release|Any CPU.ActiveCfg = Release|Any CPU
		{26425922-771F-462E-B786-176D9EF23D01}.Release|Any CPU.Build.0 = Release|Any CPU
		{26425922-771F-462E-B786-176D9EF23D01}.Release|ARM.ActiveCfg = Release|ARM
		{26425922-771F-462E-B786-176D9EF23D01}.Release|ARM.Build.0 = Release|ARM
		{26425922-771F-462E-B786-176D9EF23D01}.Release|x86.ActiveCfg = Release|x86
		{26425922-771F-462E-B786-176D9EF23D01}.Release|x86.Build.0 = Release|x86
		{420272DB-FF0F-4E4E-98E6-AE45EBB1F002}.Debug|Any CPU.ActiveCfg = Debug|Any CPU
		{420272DB-FF0F-4E4E-98E6-AE45EBB1F002}.Debug|Any CPU.Build.0 = Debug|Any CPU
		{420272DB-FF0F-4E4E-98E6-AE45EBB1F002}.Debug|Any CPU.Deploy.0 = Debug|Any CPU
		{420272DB-FF0F-4E4E-98E6-AE45EBB1F002}.Debug|ARM.ActiveCfg = Debug|ARM
		{420272DB-FF0F-4E4E-98E6-AE45EBB1F002}.Debug|ARM.Build.0 = Debug|ARM
		{420272DB-FF0F-4E4E-98E6-AE45EBB1F002}.Debug|ARM.Deploy.0 = Debug|ARM
		{420272DB-FF0F-4E4E-98E6-AE45EBB1F002}.Debug|x86.ActiveCfg = Debug|x86
		{420272DB-FF0F-4E4E-98E6-AE45EBB1F002}.Debug|x86.Build.0 = Debug|x86
		{420272DB-FF0F-4E4E-98E6-AE45EBB1F002}.Debug|x86.Deploy.0 = Debug|x86
		{420272DB-FF0F-4E4E-98E6-AE45EBB1F002}.Release|Any CPU.ActiveCfg = Release|Any CPU
		{420272DB-FF0F-4E4E-98E6-AE45EBB1F002}.Release|Any CPU.Build.0 = Release|Any CPU
		{420272DB-FF0F-4E4E-98E6-AE45EBB1F002}.Release|Any CPU.Deploy.0 = Release|Any CPU
		{420272DB-FF0F-4E4E-98E6-AE45EBB1F002}.Release|ARM.ActiveCfg = Release|ARM
		{420272DB-FF0F-4E4E-98E6-AE45EBB1F002}.Release|ARM.Build.0 = Release|ARM
		{420272DB-FF0F-4E4E-98E6-AE45EBB1F002}.Release|ARM.Deploy.0 = Release|ARM
		{420272DB-FF0F-4E4E-98E6-AE45EBB1F002}.Release|x86.ActiveCfg = Release|x86
		{420272DB-FF0F-4E4E-98E6-AE45EBB1F002}.Release|x86.Build.0 = Release|x86
		{420272DB-FF0F-4E4E-98E6-AE45EBB1F002}.Release|x86.Deploy.0 = Release|x86
	EndGlobalSection
	GlobalSection(SolutionProperties) = preSolution
		HideSolutionNode = FALSE
	EndGlobalSection
EndGlobal
